// !$*UTF8*$!
{
	archiveVersion = 1;
	classes = {
	};
	objectVersion = 51;
	objects = {

/* Begin PBXBuildFile section */
		29EB252124C7D8CF00F969A4 /* GETabBarViewController.swift in Sources */ = {isa = PBXBuildFile; fileRef = 29EB252024C7D8CF00F969A4 /* GETabBarViewController.swift */; };
		29EB252324C7DCE000F969A4 /* Assets.xcassets in Resources */ = {isa = PBXBuildFile; fileRef = 29EB252224C7DCE000F969A4 /* Assets.xcassets */; };
		29EB252924C7DD8A00F969A4 /* GEBaseViewController.swift in Sources */ = {isa = PBXBuildFile; fileRef = 29EB252824C7DD8A00F969A4 /* GEBaseViewController.swift */; };
		29EB252B24C7DDBF00F969A4 /* GEHomeViewController.swift in Sources */ = {isa = PBXBuildFile; fileRef = 29EB252A24C7DDBF00F969A4 /* GEHomeViewController.swift */; };
		29EB252D24C7DDCD00F969A4 /* GEMarketViewController.swift in Sources */ = {isa = PBXBuildFile; fileRef = 29EB252C24C7DDCD00F969A4 /* GEMarketViewController.swift */; };
		29EB252F24C7DDDC00F969A4 /* GEInfoViewController.swift in Sources */ = {isa = PBXBuildFile; fileRef = 29EB252E24C7DDDC00F969A4 /* GEInfoViewController.swift */; };
		29EB253124C7DDE700F969A4 /* GEMineViewController.swift in Sources */ = {isa = PBXBuildFile; fileRef = 29EB253024C7DDE700F969A4 /* GEMineViewController.swift */; };
		29EB253524C7E07300F969A4 /* StartupCommandsBuilder.swift in Sources */ = {isa = PBXBuildFile; fileRef = 29EB253424C7E07300F969A4 /* StartupCommandsBuilder.swift */; };
		29EB253724C7EBA000F969A4 /* Appearance.swift in Sources */ = {isa = PBXBuildFile; fileRef = 29EB253624C7EBA000F969A4 /* Appearance.swift */; };
		29EB253924C8089600F969A4 /* Colorful.swift in Sources */ = {isa = PBXBuildFile; fileRef = 29EB253824C8089600F969A4 /* Colorful.swift */; };
		29EB253B24C80B4500F969A4 /* IQStrings.swift in Sources */ = {isa = PBXBuildFile; fileRef = 29EB253A24C80B4500F969A4 /* IQStrings.swift */; };
		29EB253D24C81F2D00F969A4 /* TT.swift in Sources */ = {isa = PBXBuildFile; fileRef = 29EB253C24C81F2D00F969A4 /* TT.swift */; };
		29EB254C24C830F400F969A4 /* UIViewController+HBD.m in Sources */ = {isa = PBXBuildFile; fileRef = 29EB254624C830F400F969A4 /* UIViewController+HBD.m */; };
		29EB254D24C830F400F969A4 /* HBDNavigationBar.m in Sources */ = {isa = PBXBuildFile; fileRef = 29EB254924C830F400F969A4 /* HBDNavigationBar.m */; };
		29EB254E24C830F400F969A4 /* HBDNavigationController.m in Sources */ = {isa = PBXBuildFile; fileRef = 29EB254A24C830F400F969A4 /* HBDNavigationController.m */; };
		29EB255024C8314900F969A4 /* NavigationController.swift in Sources */ = {isa = PBXBuildFile; fileRef = 29EB254F24C8314900F969A4 /* NavigationController.swift */; };
		29EB255624C8352100F969A4 /* Login.storyboard in Resources */ = {isa = PBXBuildFile; fileRef = 29EB255524C8352100F969A4 /* Login.storyboard */; };
		29EB255824C835B100F969A4 /* Boards.swift in Sources */ = {isa = PBXBuildFile; fileRef = 29EB255724C835B100F969A4 /* Boards.swift */; };
		29EB255B24C846B300F969A4 /* LoginViewController.swift in Sources */ = {isa = PBXBuildFile; fileRef = 29EB255A24C846B300F969A4 /* LoginViewController.swift */; };
		29F3F61624C14B2400096556 /* AppDelegate.swift in Sources */ = {isa = PBXBuildFile; fileRef = 29F3F61524C14B2400096556 /* AppDelegate.swift */; };
		29F3F61A24C14B2400096556 /* ViewController.swift in Sources */ = {isa = PBXBuildFile; fileRef = 29F3F61924C14B2400096556 /* ViewController.swift */; };
		29F3F61D24C14B2400096556 /* Main.storyboard in Resources */ = {isa = PBXBuildFile; fileRef = 29F3F61B24C14B2400096556 /* Main.storyboard */; };
		29F3F62224C14B2900096556 /* LaunchScreen.storyboard in Resources */ = {isa = PBXBuildFile; fileRef = 29F3F62024C14B2900096556 /* LaunchScreen.storyboard */; };
		29F3F62D24C14B2900096556 /* GEBlockChainTests.swift in Sources */ = {isa = PBXBuildFile; fileRef = 29F3F62C24C14B2900096556 /* GEBlockChainTests.swift */; };
		3C42811A24EE14B700221D08 /* UILabel.swift in Sources */ = {isa = PBXBuildFile; fileRef = 3C42811924EE14B700221D08 /* UILabel.swift */; };
		3C68C7F224EB76B90051BB4F /* MineTableHeaderView.swift in Sources */ = {isa = PBXBuildFile; fileRef = 3C68C7F124EB76B90051BB4F /* MineTableHeaderView.swift */; };
		3C68C7F424EBAD750051BB4F /* MineTableViewCell.swift in Sources */ = {isa = PBXBuildFile; fileRef = 3C68C7F324EBAD750051BB4F /* MineTableViewCell.swift */; };
		3C68C7F824EBC4CC0051BB4F /* MineOrderTableViewCell.swift in Sources */ = {isa = PBXBuildFile; fileRef = 3C68C7F724EBC4CC0051BB4F /* MineOrderTableViewCell.swift */; };
		3C78465E25061712006284B5 /* ReactiveExtension.swift in Sources */ = {isa = PBXBuildFile; fileRef = 3C78465D25061712006284B5 /* ReactiveExtension.swift */; };
		3C784660250618E7006284B5 /* TableView+Reactive.swift in Sources */ = {isa = PBXBuildFile; fileRef = 3C78465F250618E7006284B5 /* TableView+Reactive.swift */; };
		3C8AEDF224CA7D9F002DFBE5 /* UIView.swift in Sources */ = {isa = PBXBuildFile; fileRef = 3C8AEDF124CA7D9F002DFBE5 /* UIView.swift */; };
		3C8AEDF424CA8F0A002DFBE5 /* UIButton.swift in Sources */ = {isa = PBXBuildFile; fileRef = 3C8AEDF324CA8F0A002DFBE5 /* UIButton.swift */; };
		3C8AEDF624CAD240002DFBE5 /* Language.swift in Sources */ = {isa = PBXBuildFile; fileRef = 3C8AEDF524CAD240002DFBE5 /* Language.swift */; };
		3C8AEDF924CAD964002DFBE5 /* Localization.strings in Resources */ = {isa = PBXBuildFile; fileRef = 3C8AEDFB24CAD964002DFBE5 /* Localization.strings */; };
		3C8AEDFF24CFC9AF002DFBE5 /* NetInter+Typealias.swift in Sources */ = {isa = PBXBuildFile; fileRef = 3C8AEDFE24CFC9AF002DFBE5 /* NetInter+Typealias.swift */; };
		3C8AEE0124CFCC77002DFBE5 /* Networking+Default.swift in Sources */ = {isa = PBXBuildFile; fileRef = 3C8AEE0024CFCC77002DFBE5 /* Networking+Default.swift */; };
		3C8AEE0324CFD055002DFBE5 /* NetProvider.swift in Sources */ = {isa = PBXBuildFile; fileRef = 3C8AEE0224CFD055002DFBE5 /* NetProvider.swift */; };
		3C8AEE0524CFD22D002DFBE5 /* NetProvider+Methods.swift in Sources */ = {isa = PBXBuildFile; fileRef = 3C8AEE0424CFD22D002DFBE5 /* NetProvider+Methods.swift */; };
		3C8AEE0724CFD293002DFBE5 /* NResult.swift in Sources */ = {isa = PBXBuildFile; fileRef = 3C8AEE0624CFD293002DFBE5 /* NResult.swift */; };
		3C8AEE0924CFFF6D002DFBE5 /* NetCer.swift in Sources */ = {isa = PBXBuildFile; fileRef = 3C8AEE0824CFFF6D002DFBE5 /* NetCer.swift */; };
		3C8AEE0D24D00803002DFBE5 /* NetAssetsBusiness.swift in Sources */ = {isa = PBXBuildFile; fileRef = 3C8AEE0C24D00803002DFBE5 /* NetAssetsBusiness.swift */; };
		3C8AEE0F24D00BB0002DFBE5 /* ViewModel.swift in Sources */ = {isa = PBXBuildFile; fileRef = 3C8AEE0E24D00BB0002DFBE5 /* ViewModel.swift */; };
		3C8AEE1124D162FA002DFBE5 /* Toast.swift in Sources */ = {isa = PBXBuildFile; fileRef = 3C8AEE1024D162FA002DFBE5 /* Toast.swift */; };
		3C8AEE1424D171A3002DFBE5 /* AssetsIndexTableHeaderView.swift in Sources */ = {isa = PBXBuildFile; fileRef = 3C8AEE1324D171A3002DFBE5 /* AssetsIndexTableHeaderView.swift */; };
		3C8AEE1624D1727B002DFBE5 /* BannerView.swift in Sources */ = {isa = PBXBuildFile; fileRef = 3C8AEE1524D1727B002DFBE5 /* BannerView.swift */; };
		3C8AEE1824D17E22002DFBE5 /* AssetCell.swift in Sources */ = {isa = PBXBuildFile; fileRef = 3C8AEE1724D17E22002DFBE5 /* AssetCell.swift */; };
		3C8AEE1B24D2975A002DFBE5 /* TableView.swift in Sources */ = {isa = PBXBuildFile; fileRef = 3C8AEE1A24D2975A002DFBE5 /* TableView.swift */; };
		3C8AEE1D24D2998D002DFBE5 /* iPhone.swift in Sources */ = {isa = PBXBuildFile; fileRef = 3C8AEE1C24D2998D002DFBE5 /* iPhone.swift */; };
		3C8AEE2024D2AB54002DFBE5 /* BaseCell.swift in Sources */ = {isa = PBXBuildFile; fileRef = 3C8AEE1F24D2AB54002DFBE5 /* BaseCell.swift */; };
		3C8AEE2224D2BB9E002DFBE5 /* AssetSectionView.swift in Sources */ = {isa = PBXBuildFile; fileRef = 3C8AEE2124D2BB9E002DFBE5 /* AssetSectionView.swift */; };
		3C8AEE2424D8FB15002DFBE5 /* SignalProducerTest.swift in Sources */ = {isa = PBXBuildFile; fileRef = 3C8AEE2324D8FB14002DFBE5 /* SignalProducerTest.swift */; };
		3C94026A2510ABC700783AA9 /* StoryboardController.swift in Sources */ = {isa = PBXBuildFile; fileRef = 3C94025E2510ABC700783AA9 /* StoryboardController.swift */; };
		3C94026B2510ABC700783AA9 /* XibView.swift in Sources */ = {isa = PBXBuildFile; fileRef = 3C94025F2510ABC700783AA9 /* XibView.swift */; };
		3C94026E2510ABC700783AA9 /* LocalizationManager.swift in Sources */ = {isa = PBXBuildFile; fileRef = 3C9402652510ABC700783AA9 /* LocalizationManager.swift */; };
		3C94026F2510ABC700783AA9 /* LocalizeFuncs.swift in Sources */ = {isa = PBXBuildFile; fileRef = 3C9402682510ABC700783AA9 /* LocalizeFuncs.swift */; };
		3C9402702510ABC700783AA9 /* UIView+Positioning.swift in Sources */ = {isa = PBXBuildFile; fileRef = 3C9402692510ABC700783AA9 /* UIView+Positioning.swift */; };
		3CA8D7A124ECC407001AFB4E /* RegistViewController.swift in Sources */ = {isa = PBXBuildFile; fileRef = 3CA8D7A024ECC407001AFB4E /* RegistViewController.swift */; };
		3CA8D7A324ECF7AA001AFB4E /* LoginViewModel.swift in Sources */ = {isa = PBXBuildFile; fileRef = 3CA8D7A224ECF7AA001AFB4E /* LoginViewModel.swift */; };
		3CA8D7A524ED0D49001AFB4E /* NetLoginRegistBussiness.swift in Sources */ = {isa = PBXBuildFile; fileRef = 3CA8D7A424ED0D49001AFB4E /* NetLoginRegistBussiness.swift */; };
		B16D47A3B6CF969410A98206 /* Pods_GEBlockChainTests.framework in Frameworks */ = {isa = PBXBuildFile; fileRef = C344CE66C9F80159BEE439AA /* Pods_GEBlockChainTests.framework */; };
		C4F4564FAD73A33F1714F468 /* Pods_GEBlockChain.framework in Frameworks */ = {isa = PBXBuildFile; fileRef = 34DFDBCD44D10FF6EAE5C711 /* Pods_GEBlockChain.framework */; };
/* End PBXBuildFile section */

/* Begin PBXContainerItemProxy section */
		29F3F62924C14B2900096556 /* PBXContainerItemProxy */ = {
			isa = PBXContainerItemProxy;
			containerPortal = 29F3F60A24C14B2400096556 /* Project object */;
			proxyType = 1;
			remoteGlobalIDString = 29F3F61124C14B2400096556;
			remoteInfo = GEBlockChain;
		};
/* End PBXContainerItemProxy section */

/* Begin PBXFileReference section */
		29EB252024C7D8CF00F969A4 /* GETabBarViewController.swift */ = {isa = PBXFileReference; lastKnownFileType = sourcecode.swift; path = GETabBarViewController.swift; sourceTree = "<group>"; };
		29EB252224C7DCE000F969A4 /* Assets.xcassets */ = {isa = PBXFileReference; lastKnownFileType = folder.assetcatalog; name = Assets.xcassets; path = GEBlockChain/Assets.xcassets; sourceTree = SOURCE_ROOT; };
		29EB252824C7DD8A00F969A4 /* GEBaseViewController.swift */ = {isa = PBXFileReference; lastKnownFileType = sourcecode.swift; path = GEBaseViewController.swift; sourceTree = "<group>"; };
		29EB252A24C7DDBF00F969A4 /* GEHomeViewController.swift */ = {isa = PBXFileReference; lastKnownFileType = sourcecode.swift; path = GEHomeViewController.swift; sourceTree = "<group>"; };
		29EB252C24C7DDCD00F969A4 /* GEMarketViewController.swift */ = {isa = PBXFileReference; lastKnownFileType = sourcecode.swift; path = GEMarketViewController.swift; sourceTree = "<group>"; };
		29EB252E24C7DDDC00F969A4 /* GEInfoViewController.swift */ = {isa = PBXFileReference; lastKnownFileType = sourcecode.swift; path = GEInfoViewController.swift; sourceTree = "<group>"; };
		29EB253024C7DDE700F969A4 /* GEMineViewController.swift */ = {isa = PBXFileReference; lastKnownFileType = sourcecode.swift; path = GEMineViewController.swift; sourceTree = "<group>"; };
		29EB253424C7E07300F969A4 /* StartupCommandsBuilder.swift */ = {isa = PBXFileReference; lastKnownFileType = sourcecode.swift; path = StartupCommandsBuilder.swift; sourceTree = "<group>"; };
		29EB253624C7EBA000F969A4 /* Appearance.swift */ = {isa = PBXFileReference; lastKnownFileType = sourcecode.swift; path = Appearance.swift; sourceTree = "<group>"; };
		29EB253824C8089600F969A4 /* Colorful.swift */ = {isa = PBXFileReference; lastKnownFileType = sourcecode.swift; path = Colorful.swift; sourceTree = "<group>"; };
		29EB253A24C80B4500F969A4 /* IQStrings.swift */ = {isa = PBXFileReference; lastKnownFileType = sourcecode.swift; path = IQStrings.swift; sourceTree = "<group>"; };
		29EB253C24C81F2D00F969A4 /* TT.swift */ = {isa = PBXFileReference; lastKnownFileType = sourcecode.swift; path = TT.swift; sourceTree = "<group>"; };
		29EB254124C8260A00F969A4 /* GEBlockChain-Bridging-Header.h */ = {isa = PBXFileReference; lastKnownFileType = sourcecode.c.h; path = "GEBlockChain-Bridging-Header.h"; sourceTree = "<group>"; };
		29EB254624C830F400F969A4 /* UIViewController+HBD.m */ = {isa = PBXFileReference; fileEncoding = 4; lastKnownFileType = sourcecode.c.objc; path = "UIViewController+HBD.m"; sourceTree = "<group>"; };
		29EB254724C830F400F969A4 /* HBDNavigationController.h */ = {isa = PBXFileReference; fileEncoding = 4; lastKnownFileType = sourcecode.c.h; path = HBDNavigationController.h; sourceTree = "<group>"; };
		29EB254824C830F400F969A4 /* UIViewController+HBD.h */ = {isa = PBXFileReference; fileEncoding = 4; lastKnownFileType = sourcecode.c.h; path = "UIViewController+HBD.h"; sourceTree = "<group>"; };
		29EB254924C830F400F969A4 /* HBDNavigationBar.m */ = {isa = PBXFileReference; fileEncoding = 4; lastKnownFileType = sourcecode.c.objc; path = HBDNavigationBar.m; sourceTree = "<group>"; };
		29EB254A24C830F400F969A4 /* HBDNavigationController.m */ = {isa = PBXFileReference; fileEncoding = 4; lastKnownFileType = sourcecode.c.objc; path = HBDNavigationController.m; sourceTree = "<group>"; };
		29EB254B24C830F400F969A4 /* HBDNavigationBar.h */ = {isa = PBXFileReference; fileEncoding = 4; lastKnownFileType = sourcecode.c.h; path = HBDNavigationBar.h; sourceTree = "<group>"; };
		29EB254F24C8314900F969A4 /* NavigationController.swift */ = {isa = PBXFileReference; lastKnownFileType = sourcecode.swift; path = NavigationController.swift; sourceTree = "<group>"; };
		29EB255524C8352100F969A4 /* Login.storyboard */ = {isa = PBXFileReference; lastKnownFileType = file.storyboard; path = Login.storyboard; sourceTree = "<group>"; };
		29EB255724C835B100F969A4 /* Boards.swift */ = {isa = PBXFileReference; lastKnownFileType = sourcecode.swift; path = Boards.swift; sourceTree = "<group>"; };
		29EB255A24C846B300F969A4 /* LoginViewController.swift */ = {isa = PBXFileReference; fileEncoding = 4; lastKnownFileType = sourcecode.swift; path = LoginViewController.swift; sourceTree = "<group>"; };
		29F3F61224C14B2400096556 /* GEBlockChain.app */ = {isa = PBXFileReference; explicitFileType = wrapper.application; includeInIndex = 0; path = GEBlockChain.app; sourceTree = BUILT_PRODUCTS_DIR; };
		29F3F61524C14B2400096556 /* AppDelegate.swift */ = {isa = PBXFileReference; lastKnownFileType = sourcecode.swift; path = AppDelegate.swift; sourceTree = "<group>"; };
		29F3F61924C14B2400096556 /* ViewController.swift */ = {isa = PBXFileReference; lastKnownFileType = sourcecode.swift; path = ViewController.swift; sourceTree = "<group>"; };
		29F3F61C24C14B2400096556 /* Base */ = {isa = PBXFileReference; lastKnownFileType = file.storyboard; name = Base; path = Base.lproj/Main.storyboard; sourceTree = "<group>"; };
		29F3F62124C14B2900096556 /* Base */ = {isa = PBXFileReference; lastKnownFileType = file.storyboard; name = Base; path = Base.lproj/LaunchScreen.storyboard; sourceTree = "<group>"; };
		29F3F62324C14B2900096556 /* Info.plist */ = {isa = PBXFileReference; lastKnownFileType = text.plist.xml; path = Info.plist; sourceTree = "<group>"; };
		29F3F62824C14B2900096556 /* GEBlockChainTests.xctest */ = {isa = PBXFileReference; explicitFileType = wrapper.cfbundle; includeInIndex = 0; path = GEBlockChainTests.xctest; sourceTree = BUILT_PRODUCTS_DIR; };
		29F3F62C24C14B2900096556 /* GEBlockChainTests.swift */ = {isa = PBXFileReference; lastKnownFileType = sourcecode.swift; path = GEBlockChainTests.swift; sourceTree = "<group>"; };
		29F3F62E24C14B2900096556 /* Info.plist */ = {isa = PBXFileReference; lastKnownFileType = text.plist.xml; path = Info.plist; sourceTree = "<group>"; };
		34DFDBCD44D10FF6EAE5C711 /* Pods_GEBlockChain.framework */ = {isa = PBXFileReference; explicitFileType = wrapper.framework; includeInIndex = 0; path = Pods_GEBlockChain.framework; sourceTree = BUILT_PRODUCTS_DIR; };
		3C42811924EE14B700221D08 /* UILabel.swift */ = {isa = PBXFileReference; lastKnownFileType = sourcecode.swift; path = UILabel.swift; sourceTree = "<group>"; };
		3C68C7F124EB76B90051BB4F /* MineTableHeaderView.swift */ = {isa = PBXFileReference; lastKnownFileType = sourcecode.swift; path = MineTableHeaderView.swift; sourceTree = "<group>"; };
		3C68C7F324EBAD750051BB4F /* MineTableViewCell.swift */ = {isa = PBXFileReference; lastKnownFileType = sourcecode.swift; path = MineTableViewCell.swift; sourceTree = "<group>"; };
		3C68C7F724EBC4CC0051BB4F /* MineOrderTableViewCell.swift */ = {isa = PBXFileReference; lastKnownFileType = sourcecode.swift; path = MineOrderTableViewCell.swift; sourceTree = "<group>"; };
		3C78465D25061712006284B5 /* ReactiveExtension.swift */ = {isa = PBXFileReference; lastKnownFileType = sourcecode.swift; path = ReactiveExtension.swift; sourceTree = "<group>"; };
		3C78465F250618E7006284B5 /* TableView+Reactive.swift */ = {isa = PBXFileReference; lastKnownFileType = sourcecode.swift; path = "TableView+Reactive.swift"; sourceTree = "<group>"; };
		3C8AEDF124CA7D9F002DFBE5 /* UIView.swift */ = {isa = PBXFileReference; lastKnownFileType = sourcecode.swift; path = UIView.swift; sourceTree = "<group>"; };
		3C8AEDF324CA8F0A002DFBE5 /* UIButton.swift */ = {isa = PBXFileReference; lastKnownFileType = sourcecode.swift; path = UIButton.swift; sourceTree = "<group>"; };
		3C8AEDF524CAD240002DFBE5 /* Language.swift */ = {isa = PBXFileReference; lastKnownFileType = sourcecode.swift; path = Language.swift; sourceTree = "<group>"; };
		3C8AEDFA24CAD964002DFBE5 /* en */ = {isa = PBXFileReference; lastKnownFileType = text.plist.strings; name = en; path = en.lproj/Localization.strings; sourceTree = "<group>"; };
		3C8AEDFC24CAD990002DFBE5 /* zh-Hans */ = {isa = PBXFileReference; lastKnownFileType = text.plist.strings; name = "zh-Hans"; path = "zh-Hans.lproj/Localization.strings"; sourceTree = "<group>"; };
		3C8AEDFE24CFC9AF002DFBE5 /* NetInter+Typealias.swift */ = {isa = PBXFileReference; lastKnownFileType = sourcecode.swift; path = "NetInter+Typealias.swift"; sourceTree = "<group>"; };
		3C8AEE0024CFCC77002DFBE5 /* Networking+Default.swift */ = {isa = PBXFileReference; lastKnownFileType = sourcecode.swift; path = "Networking+Default.swift"; sourceTree = "<group>"; };
		3C8AEE0224CFD055002DFBE5 /* NetProvider.swift */ = {isa = PBXFileReference; lastKnownFileType = sourcecode.swift; path = NetProvider.swift; sourceTree = "<group>"; };
		3C8AEE0424CFD22D002DFBE5 /* NetProvider+Methods.swift */ = {isa = PBXFileReference; lastKnownFileType = sourcecode.swift; path = "NetProvider+Methods.swift"; sourceTree = "<group>"; };
		3C8AEE0624CFD293002DFBE5 /* NResult.swift */ = {isa = PBXFileReference; lastKnownFileType = sourcecode.swift; path = NResult.swift; sourceTree = "<group>"; };
		3C8AEE0824CFFF6D002DFBE5 /* NetCer.swift */ = {isa = PBXFileReference; lastKnownFileType = sourcecode.swift; path = NetCer.swift; sourceTree = "<group>"; };
		3C8AEE0C24D00803002DFBE5 /* NetAssetsBusiness.swift */ = {isa = PBXFileReference; lastKnownFileType = sourcecode.swift; path = NetAssetsBusiness.swift; sourceTree = "<group>"; };
		3C8AEE0E24D00BB0002DFBE5 /* ViewModel.swift */ = {isa = PBXFileReference; lastKnownFileType = sourcecode.swift; path = ViewModel.swift; sourceTree = "<group>"; };
		3C8AEE1024D162FA002DFBE5 /* Toast.swift */ = {isa = PBXFileReference; lastKnownFileType = sourcecode.swift; path = Toast.swift; sourceTree = "<group>"; };
		3C8AEE1324D171A3002DFBE5 /* AssetsIndexTableHeaderView.swift */ = {isa = PBXFileReference; lastKnownFileType = sourcecode.swift; path = AssetsIndexTableHeaderView.swift; sourceTree = "<group>"; };
		3C8AEE1524D1727B002DFBE5 /* BannerView.swift */ = {isa = PBXFileReference; lastKnownFileType = sourcecode.swift; path = BannerView.swift; sourceTree = "<group>"; };
		3C8AEE1724D17E22002DFBE5 /* AssetCell.swift */ = {isa = PBXFileReference; lastKnownFileType = sourcecode.swift; path = AssetCell.swift; sourceTree = "<group>"; };
		3C8AEE1A24D2975A002DFBE5 /* TableView.swift */ = {isa = PBXFileReference; lastKnownFileType = sourcecode.swift; path = TableView.swift; sourceTree = "<group>"; };
		3C8AEE1C24D2998D002DFBE5 /* iPhone.swift */ = {isa = PBXFileReference; lastKnownFileType = sourcecode.swift; path = iPhone.swift; sourceTree = "<group>"; };
		3C8AEE1F24D2AB54002DFBE5 /* BaseCell.swift */ = {isa = PBXFileReference; lastKnownFileType = sourcecode.swift; path = BaseCell.swift; sourceTree = "<group>"; };
		3C8AEE2124D2BB9E002DFBE5 /* AssetSectionView.swift */ = {isa = PBXFileReference; lastKnownFileType = sourcecode.swift; path = AssetSectionView.swift; sourceTree = "<group>"; };
		3C8AEE2324D8FB14002DFBE5 /* SignalProducerTest.swift */ = {isa = PBXFileReference; lastKnownFileType = sourcecode.swift; path = SignalProducerTest.swift; sourceTree = "<group>"; };
		3C94025E2510ABC700783AA9 /* StoryboardController.swift */ = {isa = PBXFileReference; fileEncoding = 4; lastKnownFileType = sourcecode.swift; path = StoryboardController.swift; sourceTree = "<group>"; };
		3C94025F2510ABC700783AA9 /* XibView.swift */ = {isa = PBXFileReference; fileEncoding = 4; lastKnownFileType = sourcecode.swift; path = XibView.swift; sourceTree = "<group>"; };
		3C9402652510ABC700783AA9 /* LocalizationManager.swift */ = {isa = PBXFileReference; fileEncoding = 4; lastKnownFileType = sourcecode.swift; path = LocalizationManager.swift; sourceTree = "<group>"; };
		3C9402682510ABC700783AA9 /* LocalizeFuncs.swift */ = {isa = PBXFileReference; fileEncoding = 4; lastKnownFileType = sourcecode.swift; path = LocalizeFuncs.swift; sourceTree = "<group>"; };
		3C9402692510ABC700783AA9 /* UIView+Positioning.swift */ = {isa = PBXFileReference; fileEncoding = 4; lastKnownFileType = sourcecode.swift; path = "UIView+Positioning.swift"; sourceTree = "<group>"; };
		3CA8D7A024ECC407001AFB4E /* RegistViewController.swift */ = {isa = PBXFileReference; lastKnownFileType = sourcecode.swift; path = RegistViewController.swift; sourceTree = "<group>"; };
		3CA8D7A224ECF7AA001AFB4E /* LoginViewModel.swift */ = {isa = PBXFileReference; lastKnownFileType = sourcecode.swift; path = LoginViewModel.swift; sourceTree = "<group>"; };
		3CA8D7A424ED0D49001AFB4E /* NetLoginRegistBussiness.swift */ = {isa = PBXFileReference; lastKnownFileType = sourcecode.swift; path = NetLoginRegistBussiness.swift; sourceTree = "<group>"; };
		3E9D6C93DED276B5748E8799 /* Pods-GEBlockChainTests.debug.xcconfig */ = {isa = PBXFileReference; includeInIndex = 1; lastKnownFileType = text.xcconfig; name = "Pods-GEBlockChainTests.debug.xcconfig"; path = "Target Support Files/Pods-GEBlockChainTests/Pods-GEBlockChainTests.debug.xcconfig"; sourceTree = "<group>"; };
		45A39F56457CD723464CCD86 /* Pods-GEBlockChain.debug.xcconfig */ = {isa = PBXFileReference; includeInIndex = 1; lastKnownFileType = text.xcconfig; name = "Pods-GEBlockChain.debug.xcconfig"; path = "Target Support Files/Pods-GEBlockChain/Pods-GEBlockChain.debug.xcconfig"; sourceTree = "<group>"; };
		47BBA5EDC7B70D4A8FE1C6E3 /* Pods-GEBlockChain.release.xcconfig */ = {isa = PBXFileReference; includeInIndex = 1; lastKnownFileType = text.xcconfig; name = "Pods-GEBlockChain.release.xcconfig"; path = "Target Support Files/Pods-GEBlockChain/Pods-GEBlockChain.release.xcconfig"; sourceTree = "<group>"; };
		92D39E90ABD0F8708FE4FEA9 /* Pods-GEBlockChainTests.release.xcconfig */ = {isa = PBXFileReference; includeInIndex = 1; lastKnownFileType = text.xcconfig; name = "Pods-GEBlockChainTests.release.xcconfig"; path = "Target Support Files/Pods-GEBlockChainTests/Pods-GEBlockChainTests.release.xcconfig"; sourceTree = "<group>"; };
		C344CE66C9F80159BEE439AA /* Pods_GEBlockChainTests.framework */ = {isa = PBXFileReference; explicitFileType = wrapper.framework; includeInIndex = 0; path = Pods_GEBlockChainTests.framework; sourceTree = BUILT_PRODUCTS_DIR; };
/* End PBXFileReference section */

/* Begin PBXFrameworksBuildPhase section */
		29F3F60F24C14B2400096556 /* Frameworks */ = {
			isa = PBXFrameworksBuildPhase;
			buildActionMask = 2147483647;
			files = (
				C4F4564FAD73A33F1714F468 /* Pods_GEBlockChain.framework in Frameworks */,
			);
			runOnlyForDeploymentPostprocessing = 0;
		};
		29F3F62524C14B2900096556 /* Frameworks */ = {
			isa = PBXFrameworksBuildPhase;
			buildActionMask = 2147483647;
			files = (
				B16D47A3B6CF969410A98206 /* Pods_GEBlockChainTests.framework in Frameworks */,
			);
			runOnlyForDeploymentPostprocessing = 0;
		};
/* End PBXFrameworksBuildPhase section */

/* Begin PBXGroup section */
		29EB251A24C7D78600F969A4 /* Base */ = {
			isa = PBXGroup;
			children = (
				3C8AEE1E24D2AB40002DFBE5 /* View */,
				3C8AEE0B24D007C1002DFBE5 /* Net */,
				29EB254524C830C500F969A4 /* HBD */,
				29F3F61524C14B2400096556 /* AppDelegate.swift */,
				29EB254F24C8314900F969A4 /* NavigationController.swift */,
				29EB252024C7D8CF00F969A4 /* GETabBarViewController.swift */,
				29EB252824C7DD8A00F969A4 /* GEBaseViewController.swift */,
				29EB253424C7E07300F969A4 /* StartupCommandsBuilder.swift */,
			);
			path = Base;
			sourceTree = "<group>";
		};
		29EB251B24C7D79300F969A4 /* Business */ = {
			isa = PBXGroup;
			children = (
				29EB252424C7DD1A00F969A4 /* Home */,
				29EB252524C7DD4200F969A4 /* Market */,
				29EB252624C7DD4900F969A4 /* Info */,
				29EB252724C7DD4F00F969A4 /* Mine */,
			);
			path = Business;
			sourceTree = "<group>";
		};
		29EB251C24C7D7BC00F969A4 /* Resource */ = {
			isa = PBXGroup;
			children = (
				29EB252224C7DCE000F969A4 /* Assets.xcassets */,
				3C8AEDFB24CAD964002DFBE5 /* Localization.strings */,
			);
			path = Resource;
			sourceTree = "<group>";
		};
		29EB251D24C7D7C900F969A4 /* Common */ = {
			isa = PBXGroup;
			children = (
				3C94025C2510AACA00783AA9 /* Utils */,
				3C78465C250616EB006284B5 /* ReactiveExtension */,
				3C8AEE1924D29746002DFBE5 /* View */,
				3C8AEDFD24CFC888002DFBE5 /* NetInter */,
				29EB253624C7EBA000F969A4 /* Appearance.swift */,
				29EB253824C8089600F969A4 /* Colorful.swift */,
				29EB253A24C80B4500F969A4 /* IQStrings.swift */,
				3C8AEDF124CA7D9F002DFBE5 /* UIView.swift */,
				3C8AEDF324CA8F0A002DFBE5 /* UIButton.swift */,
				3C42811924EE14B700221D08 /* UILabel.swift */,
				3C8AEDF524CAD240002DFBE5 /* Language.swift */,
				3C8AEE1024D162FA002DFBE5 /* Toast.swift */,
				3C8AEE1C24D2998D002DFBE5 /* iPhone.swift */,
			);
			path = Common;
			sourceTree = "<group>";
		};
		29EB252424C7DD1A00F969A4 /* Home */ = {
			isa = PBXGroup;
			children = (
				3C8AEE1224D17129002DFBE5 /* View */,
				29EB252A24C7DDBF00F969A4 /* GEHomeViewController.swift */,
				3C8AEE2324D8FB14002DFBE5 /* SignalProducerTest.swift */,
				29EB253C24C81F2D00F969A4 /* TT.swift */,
			);
			path = Home;
			sourceTree = "<group>";
		};
		29EB252524C7DD4200F969A4 /* Market */ = {
			isa = PBXGroup;
			children = (
				29EB252C24C7DDCD00F969A4 /* GEMarketViewController.swift */,
			);
			path = Market;
			sourceTree = "<group>";
		};
		29EB252624C7DD4900F969A4 /* Info */ = {
			isa = PBXGroup;
			children = (
				29EB252E24C7DDDC00F969A4 /* GEInfoViewController.swift */,
			);
			path = Info;
			sourceTree = "<group>";
		};
		29EB252724C7DD4F00F969A4 /* Mine */ = {
			isa = PBXGroup;
			children = (
				3C68C7F024EB768F0051BB4F /* View */,
				29EB255124C833B200F969A4 /* Account */,
				29EB253024C7DDE700F969A4 /* GEMineViewController.swift */,
			);
			path = Mine;
			sourceTree = "<group>";
		};
		29EB254024C824F000F969A4 /* Config */ = {
			isa = PBXGroup;
			children = (
				29EB254124C8260A00F969A4 /* GEBlockChain-Bridging-Header.h */,
			);
			path = Config;
			sourceTree = "<group>";
		};
		29EB254524C830C500F969A4 /* HBD */ = {
			isa = PBXGroup;
			children = (
				29EB254B24C830F400F969A4 /* HBDNavigationBar.h */,
				29EB254924C830F400F969A4 /* HBDNavigationBar.m */,
				29EB254724C830F400F969A4 /* HBDNavigationController.h */,
				29EB254A24C830F400F969A4 /* HBDNavigationController.m */,
				29EB254824C830F400F969A4 /* UIViewController+HBD.h */,
				29EB254624C830F400F969A4 /* UIViewController+HBD.m */,
			);
			path = HBD;
			sourceTree = "<group>";
		};
		29EB255124C833B200F969A4 /* Account */ = {
			isa = PBXGroup;
			children = (
				29EB255A24C846B300F969A4 /* LoginViewController.swift */,
				3CA8D7A024ECC407001AFB4E /* RegistViewController.swift */,
				3CA8D7A224ECF7AA001AFB4E /* LoginViewModel.swift */,
			);
			path = Account;
			sourceTree = "<group>";
		};
		29EB255424C834FF00F969A4 /* Storyboard */ = {
			isa = PBXGroup;
			children = (
				29EB255524C8352100F969A4 /* Login.storyboard */,
				29EB255724C835B100F969A4 /* Boards.swift */,
			);
			path = Storyboard;
			sourceTree = "<group>";
		};
		29F3F60924C14B2400096556 = {
			isa = PBXGroup;
			children = (
				29F3F61424C14B2400096556 /* GEBlockChain */,
				29F3F62B24C14B2900096556 /* GEBlockChainTests */,
				29F3F61324C14B2400096556 /* Products */,
				8CB5C437C64941D0A4663342 /* Pods */,
				5419D5868559D7E2D69644C8 /* Frameworks */,
			);
			sourceTree = "<group>";
		};
		29F3F61324C14B2400096556 /* Products */ = {
			isa = PBXGroup;
			children = (
				29F3F61224C14B2400096556 /* GEBlockChain.app */,
				29F3F62824C14B2900096556 /* GEBlockChainTests.xctest */,
			);
			name = Products;
			sourceTree = "<group>";
		};
		29F3F61424C14B2400096556 /* GEBlockChain */ = {
			isa = PBXGroup;
			children = (
				29EB251A24C7D78600F969A4 /* Base */,
				29EB251B24C7D79300F969A4 /* Business */,
				29EB251D24C7D7C900F969A4 /* Common */,
				29EB254024C824F000F969A4 /* Config */,
				29EB251C24C7D7BC00F969A4 /* Resource */,
				29EB255424C834FF00F969A4 /* Storyboard */,
				29F3F61924C14B2400096556 /* ViewController.swift */,
				29F3F61B24C14B2400096556 /* Main.storyboard */,
				29F3F62024C14B2900096556 /* LaunchScreen.storyboard */,
				29F3F62324C14B2900096556 /* Info.plist */,
			);
			path = GEBlockChain;
			sourceTree = "<group>";
		};
		29F3F62B24C14B2900096556 /* GEBlockChainTests */ = {
			isa = PBXGroup;
			children = (
				29F3F62C24C14B2900096556 /* GEBlockChainTests.swift */,
				29F3F62E24C14B2900096556 /* Info.plist */,
			);
			path = GEBlockChainTests;
			sourceTree = "<group>";
		};
		3C68C7F024EB768F0051BB4F /* View */ = {
			isa = PBXGroup;
			children = (
				3C68C7F124EB76B90051BB4F /* MineTableHeaderView.swift */,
				3C68C7F324EBAD750051BB4F /* MineTableViewCell.swift */,
				3C68C7F724EBC4CC0051BB4F /* MineOrderTableViewCell.swift */,
			);
			path = View;
			sourceTree = "<group>";
		};
		3C78465C250616EB006284B5 /* ReactiveExtension */ = {
			isa = PBXGroup;
			children = (
				3C78465D25061712006284B5 /* ReactiveExtension.swift */,
				3C78465F250618E7006284B5 /* TableView+Reactive.swift */,
			);
			path = ReactiveExtension;
			sourceTree = "<group>";
		};
		3C8AEDFD24CFC888002DFBE5 /* NetInter */ = {
			isa = PBXGroup;
			children = (
				3C8AEDFE24CFC9AF002DFBE5 /* NetInter+Typealias.swift */,
				3C8AEE0024CFCC77002DFBE5 /* Networking+Default.swift */,
				3C8AEE0224CFD055002DFBE5 /* NetProvider.swift */,
				3C8AEE0424CFD22D002DFBE5 /* NetProvider+Methods.swift */,
				3C8AEE0624CFD293002DFBE5 /* NResult.swift */,
				3C8AEE0824CFFF6D002DFBE5 /* NetCer.swift */,
			);
			path = NetInter;
			sourceTree = "<group>";
		};
		3C8AEE0B24D007C1002DFBE5 /* Net */ = {
			isa = PBXGroup;
			children = (
				3C8AEE0E24D00BB0002DFBE5 /* ViewModel.swift */,
				3C8AEE0C24D00803002DFBE5 /* NetAssetsBusiness.swift */,
				3CA8D7A424ED0D49001AFB4E /* NetLoginRegistBussiness.swift */,
			);
			path = Net;
			sourceTree = "<group>";
		};
		3C8AEE1224D17129002DFBE5 /* View */ = {
			isa = PBXGroup;
			children = (
				3C8AEE1324D171A3002DFBE5 /* AssetsIndexTableHeaderView.swift */,
				3C8AEE1724D17E22002DFBE5 /* AssetCell.swift */,
				3C8AEE2124D2BB9E002DFBE5 /* AssetSectionView.swift */,
				3C8AEE1524D1727B002DFBE5 /* BannerView.swift */,
			);
			path = View;
			sourceTree = "<group>";
		};
		3C8AEE1924D29746002DFBE5 /* View */ = {
			isa = PBXGroup;
			children = (
				3C8AEE1A24D2975A002DFBE5 /* TableView.swift */,
			);
			path = View;
			sourceTree = "<group>";
		};
		3C8AEE1E24D2AB40002DFBE5 /* View */ = {
			isa = PBXGroup;
			children = (
				3C8AEE1F24D2AB54002DFBE5 /* BaseCell.swift */,
			);
			path = View;
			sourceTree = "<group>";
		};
		3C94025C2510AACA00783AA9 /* Utils */ = {
			isa = PBXGroup;
			children = (
				3C94025D2510ABC700783AA9 /* LoadNib */,
				3C9402602510ABC700783AA9 /* Localization */,
				3C9402692510ABC700783AA9 /* UIView+Positioning.swift */,
			);
			path = Utils;
			sourceTree = "<group>";
		};
		3C94025D2510ABC700783AA9 /* LoadNib */ = {
			isa = PBXGroup;
			children = (
				3C94025E2510ABC700783AA9 /* StoryboardController.swift */,
				3C94025F2510ABC700783AA9 /* XibView.swift */,
			);
			path = LoadNib;
			sourceTree = "<group>";
		};
		3C9402602510ABC700783AA9 /* Localization */ = {
			isa = PBXGroup;
			children = (
				3C9402652510ABC700783AA9 /* LocalizationManager.swift */,
				3C9402682510ABC700783AA9 /* LocalizeFuncs.swift */,
			);
			path = Localization;
			sourceTree = "<group>";
		};
		5419D5868559D7E2D69644C8 /* Frameworks */ = {
			isa = PBXGroup;
			children = (
				34DFDBCD44D10FF6EAE5C711 /* Pods_GEBlockChain.framework */,
				C344CE66C9F80159BEE439AA /* Pods_GEBlockChainTests.framework */,
			);
			name = Frameworks;
			sourceTree = "<group>";
		};
		8CB5C437C64941D0A4663342 /* Pods */ = {
			isa = PBXGroup;
			children = (
				45A39F56457CD723464CCD86 /* Pods-GEBlockChain.debug.xcconfig */,
				47BBA5EDC7B70D4A8FE1C6E3 /* Pods-GEBlockChain.release.xcconfig */,
				3E9D6C93DED276B5748E8799 /* Pods-GEBlockChainTests.debug.xcconfig */,
				92D39E90ABD0F8708FE4FEA9 /* Pods-GEBlockChainTests.release.xcconfig */,
			);
			path = Pods;
			sourceTree = "<group>";
		};
/* End PBXGroup section */

/* Begin PBXNativeTarget section */
		29F3F61124C14B2400096556 /* GEBlockChain */ = {
			isa = PBXNativeTarget;
			buildConfigurationList = 29F3F63124C14B2900096556 /* Build configuration list for PBXNativeTarget "GEBlockChain" */;
			buildPhases = (
				7772DED30B803D6FD57AABE3 /* [CP] Check Pods Manifest.lock */,
				29F3F60E24C14B2400096556 /* Sources */,
				29F3F60F24C14B2400096556 /* Frameworks */,
				29F3F61024C14B2400096556 /* Resources */,
				78C0E53CB63CA50097A79DEA /* [CP] Embed Pods Frameworks */,
			);
			buildRules = (
			);
			dependencies = (
			);
			name = GEBlockChain;
			productName = GEBlockChain;
			productReference = 29F3F61224C14B2400096556 /* GEBlockChain.app */;
			productType = "com.apple.product-type.application";
		};
		29F3F62724C14B2900096556 /* GEBlockChainTests */ = {
			isa = PBXNativeTarget;
			buildConfigurationList = 29F3F63424C14B2900096556 /* Build configuration list for PBXNativeTarget "GEBlockChainTests" */;
			buildPhases = (
				3E8AFDC5DF79A2540D096BF2 /* [CP] Check Pods Manifest.lock */,
				29F3F62424C14B2900096556 /* Sources */,
				29F3F62524C14B2900096556 /* Frameworks */,
				29F3F62624C14B2900096556 /* Resources */,
			);
			buildRules = (
			);
			dependencies = (
				29F3F62A24C14B2900096556 /* PBXTargetDependency */,
			);
			name = GEBlockChainTests;
			productName = GEBlockChainTests;
			productReference = 29F3F62824C14B2900096556 /* GEBlockChainTests.xctest */;
			productType = "com.apple.product-type.bundle.unit-test";
		};
/* End PBXNativeTarget section */

/* Begin PBXProject section */
		29F3F60A24C14B2400096556 /* Project object */ = {
			isa = PBXProject;
			attributes = {
				LastSwiftUpdateCheck = 1130;
				LastUpgradeCheck = 1130;
				ORGANIZATIONNAME = darchain;
				TargetAttributes = {
					29F3F61124C14B2400096556 = {
						CreatedOnToolsVersion = 11.3.1;
						LastSwiftMigration = 1130;
					};
					29F3F62724C14B2900096556 = {
						CreatedOnToolsVersion = 11.3.1;
						TestTargetID = 29F3F61124C14B2400096556;
					};
				};
			};
			buildConfigurationList = 29F3F60D24C14B2400096556 /* Build configuration list for PBXProject "GEBlockChain" */;
			compatibilityVersion = "Xcode 9.3";
			developmentRegion = en;
			hasScannedForEncodings = 0;
			knownRegions = (
				en,
				Base,
				"zh-Hans",
				ru,
			);
			mainGroup = 29F3F60924C14B2400096556;
			productRefGroup = 29F3F61324C14B2400096556 /* Products */;
			projectDirPath = "";
			projectRoot = "";
			targets = (
				29F3F61124C14B2400096556 /* GEBlockChain */,
				29F3F62724C14B2900096556 /* GEBlockChainTests */,
			);
		};
/* End PBXProject section */

/* Begin PBXResourcesBuildPhase section */
		29F3F61024C14B2400096556 /* Resources */ = {
			isa = PBXResourcesBuildPhase;
			buildActionMask = 2147483647;
			files = (
				29EB255624C8352100F969A4 /* Login.storyboard in Resources */,
				29F3F62224C14B2900096556 /* LaunchScreen.storyboard in Resources */,
				3C8AEDF924CAD964002DFBE5 /* Localization.strings in Resources */,
				29EB252324C7DCE000F969A4 /* Assets.xcassets in Resources */,
				29F3F61D24C14B2400096556 /* Main.storyboard in Resources */,
			);
			runOnlyForDeploymentPostprocessing = 0;
		};
		29F3F62624C14B2900096556 /* Resources */ = {
			isa = PBXResourcesBuildPhase;
			buildActionMask = 2147483647;
			files = (
			);
			runOnlyForDeploymentPostprocessing = 0;
		};
/* End PBXResourcesBuildPhase section */

/* Begin PBXShellScriptBuildPhase section */
		3E8AFDC5DF79A2540D096BF2 /* [CP] Check Pods Manifest.lock */ = {
			isa = PBXShellScriptBuildPhase;
			buildActionMask = 2147483647;
			files = (
			);
			inputFileListPaths = (
			);
			inputPaths = (
				"${PODS_PODFILE_DIR_PATH}/Podfile.lock",
				"${PODS_ROOT}/Manifest.lock",
			);
			name = "[CP] Check Pods Manifest.lock";
			outputFileListPaths = (
			);
			outputPaths = (
				"$(DERIVED_FILE_DIR)/Pods-GEBlockChainTests-checkManifestLockResult.txt",
			);
			runOnlyForDeploymentPostprocessing = 0;
			shellPath = /bin/sh;
			shellScript = "diff \"${PODS_PODFILE_DIR_PATH}/Podfile.lock\" \"${PODS_ROOT}/Manifest.lock\" > /dev/null\nif [ $? != 0 ] ; then\n    # print error to STDERR\n    echo \"error: The sandbox is not in sync with the Podfile.lock. Run 'pod install' or update your CocoaPods installation.\" >&2\n    exit 1\nfi\n# This output is used by Xcode 'outputs' to avoid re-running this script phase.\necho \"SUCCESS\" > \"${SCRIPT_OUTPUT_FILE_0}\"\n";
			showEnvVarsInLog = 0;
		};
		7772DED30B803D6FD57AABE3 /* [CP] Check Pods Manifest.lock */ = {
			isa = PBXShellScriptBuildPhase;
			buildActionMask = 2147483647;
			files = (
			);
			inputFileListPaths = (
			);
			inputPaths = (
				"${PODS_PODFILE_DIR_PATH}/Podfile.lock",
				"${PODS_ROOT}/Manifest.lock",
			);
			name = "[CP] Check Pods Manifest.lock";
			outputFileListPaths = (
			);
			outputPaths = (
				"$(DERIVED_FILE_DIR)/Pods-GEBlockChain-checkManifestLockResult.txt",
			);
			runOnlyForDeploymentPostprocessing = 0;
			shellPath = /bin/sh;
			shellScript = "diff \"${PODS_PODFILE_DIR_PATH}/Podfile.lock\" \"${PODS_ROOT}/Manifest.lock\" > /dev/null\nif [ $? != 0 ] ; then\n    # print error to STDERR\n    echo \"error: The sandbox is not in sync with the Podfile.lock. Run 'pod install' or update your CocoaPods installation.\" >&2\n    exit 1\nfi\n# This output is used by Xcode 'outputs' to avoid re-running this script phase.\necho \"SUCCESS\" > \"${SCRIPT_OUTPUT_FILE_0}\"\n";
			showEnvVarsInLog = 0;
		};
		78C0E53CB63CA50097A79DEA /* [CP] Embed Pods Frameworks */ = {
			isa = PBXShellScriptBuildPhase;
			buildActionMask = 2147483647;
			files = (
			);
			inputFileListPaths = (
				"${PODS_ROOT}/Target Support Files/Pods-GEBlockChain/Pods-GEBlockChain-frameworks-${CONFIGURATION}-input-files.xcfilelist",
			);
			name = "[CP] Embed Pods Frameworks";
			outputFileListPaths = (
				"${PODS_ROOT}/Target Support Files/Pods-GEBlockChain/Pods-GEBlockChain-frameworks-${CONFIGURATION}-output-files.xcfilelist",
			);
			runOnlyForDeploymentPostprocessing = 0;
			shellPath = /bin/sh;
			shellScript = "\"${PODS_ROOT}/Target Support Files/Pods-GEBlockChain/Pods-GEBlockChain-frameworks.sh\"\n";
			showEnvVarsInLog = 0;
		};
/* End PBXShellScriptBuildPhase section */

/* Begin PBXSourcesBuildPhase section */
		29F3F60E24C14B2400096556 /* Sources */ = {
			isa = PBXSourcesBuildPhase;
			buildActionMask = 2147483647;
			files = (
				3C8AEDF224CA7D9F002DFBE5 /* UIView.swift in Sources */,
				29EB254D24C830F400F969A4 /* HBDNavigationBar.m in Sources */,
				29EB254E24C830F400F969A4 /* HBDNavigationController.m in Sources */,
				29EB252F24C7DDDC00F969A4 /* GEInfoViewController.swift in Sources */,
				3C784660250618E7006284B5 /* TableView+Reactive.swift in Sources */,
				3C8AEE1424D171A3002DFBE5 /* AssetsIndexTableHeaderView.swift in Sources */,
				29F3F61A24C14B2400096556 /* ViewController.swift in Sources */,
				29EB255B24C846B300F969A4 /* LoginViewController.swift in Sources */,
				29EB253524C7E07300F969A4 /* StartupCommandsBuilder.swift in Sources */,
				3C8AEE2424D8FB15002DFBE5 /* SignalProducerTest.swift in Sources */,
				3C8AEE1624D1727B002DFBE5 /* BannerView.swift in Sources */,
				3C8AEDFF24CFC9AF002DFBE5 /* NetInter+Typealias.swift in Sources */,
				29EB253124C7DDE700F969A4 /* GEMineViewController.swift in Sources */,
				3C94026E2510ABC700783AA9 /* LocalizationManager.swift in Sources */,
				3C94026A2510ABC700783AA9 /* StoryboardController.swift in Sources */,
				3C8AEE2224D2BB9E002DFBE5 /* AssetSectionView.swift in Sources */,
				29EB254C24C830F400F969A4 /* UIViewController+HBD.m in Sources */,
				3C42811A24EE14B700221D08 /* UILabel.swift in Sources */,
				3C8AEE0F24D00BB0002DFBE5 /* ViewModel.swift in Sources */,
				3C8AEE1124D162FA002DFBE5 /* Toast.swift in Sources */,
				29EB252B24C7DDBF00F969A4 /* GEHomeViewController.swift in Sources */,
				3C68C7F224EB76B90051BB4F /* MineTableHeaderView.swift in Sources */,
				29EB255824C835B100F969A4 /* Boards.swift in Sources */,
				3C8AEDF424CA8F0A002DFBE5 /* UIButton.swift in Sources */,
				3C94026F2510ABC700783AA9 /* LocalizeFuncs.swift in Sources */,
				29EB253B24C80B4500F969A4 /* IQStrings.swift in Sources */,
				3C78465E25061712006284B5 /* ReactiveExtension.swift in Sources */,
				3CA8D7A124ECC407001AFB4E /* RegistViewController.swift in Sources */,
				3C8AEE1824D17E22002DFBE5 /* AssetCell.swift in Sources */,
				3C8AEE0D24D00803002DFBE5 /* NetAssetsBusiness.swift in Sources */,
				3C94026B2510ABC700783AA9 /* XibView.swift in Sources */,
				3CA8D7A324ECF7AA001AFB4E /* LoginViewModel.swift in Sources */,
				29EB252124C7D8CF00F969A4 /* GETabBarViewController.swift in Sources */,
				29EB253924C8089600F969A4 /* Colorful.swift in Sources */,
				3C8AEE0924CFFF6D002DFBE5 /* NetCer.swift in Sources */,
				29EB253724C7EBA000F969A4 /* Appearance.swift in Sources */,
				3C8AEE0324CFD055002DFBE5 /* NetProvider.swift in Sources */,
				29EB255024C8314900F969A4 /* NavigationController.swift in Sources */,
				3C68C7F824EBC4CC0051BB4F /* MineOrderTableViewCell.swift in Sources */,
				3C68C7F424EBAD750051BB4F /* MineTableViewCell.swift in Sources */,
				29EB252924C7DD8A00F969A4 /* GEBaseViewController.swift in Sources */,
				3C8AEE2024D2AB54002DFBE5 /* BaseCell.swift in Sources */,
				3C8AEE0124CFCC77002DFBE5 /* Networking+Default.swift in Sources */,
				3C9402702510ABC700783AA9 /* UIView+Positioning.swift in Sources */,
				29F3F61624C14B2400096556 /* AppDelegate.swift in Sources */,
				29EB252D24C7DDCD00F969A4 /* GEMarketViewController.swift in Sources */,
				29EB253D24C81F2D00F969A4 /* TT.swift in Sources */,
				3CA8D7A524ED0D49001AFB4E /* NetLoginRegistBussiness.swift in Sources */,
				3C8AEE1B24D2975A002DFBE5 /* TableView.swift in Sources */,
				3C8AEE0724CFD293002DFBE5 /* NResult.swift in Sources */,
				3C8AEDF624CAD240002DFBE5 /* Language.swift in Sources */,
				3C8AEE1D24D2998D002DFBE5 /* iPhone.swift in Sources */,
				3C8AEE0524CFD22D002DFBE5 /* NetProvider+Methods.swift in Sources */,
			);
			runOnlyForDeploymentPostprocessing = 0;
		};
		29F3F62424C14B2900096556 /* Sources */ = {
			isa = PBXSourcesBuildPhase;
			buildActionMask = 2147483647;
			files = (
				29F3F62D24C14B2900096556 /* GEBlockChainTests.swift in Sources */,
			);
			runOnlyForDeploymentPostprocessing = 0;
		};
/* End PBXSourcesBuildPhase section */

/* Begin PBXTargetDependency section */
		29F3F62A24C14B2900096556 /* PBXTargetDependency */ = {
			isa = PBXTargetDependency;
			target = 29F3F61124C14B2400096556 /* GEBlockChain */;
			targetProxy = 29F3F62924C14B2900096556 /* PBXContainerItemProxy */;
		};
/* End PBXTargetDependency section */

/* Begin PBXVariantGroup section */
		29F3F61B24C14B2400096556 /* Main.storyboard */ = {
			isa = PBXVariantGroup;
			children = (
				29F3F61C24C14B2400096556 /* Base */,
			);
			name = Main.storyboard;
			sourceTree = "<group>";
		};
		29F3F62024C14B2900096556 /* LaunchScreen.storyboard */ = {
			isa = PBXVariantGroup;
			children = (
				29F3F62124C14B2900096556 /* Base */,
			);
			name = LaunchScreen.storyboard;
			sourceTree = "<group>";
		};
		3C8AEDFB24CAD964002DFBE5 /* Localization.strings */ = {
			isa = PBXVariantGroup;
			children = (
				3C8AEDFA24CAD964002DFBE5 /* en */,
				3C8AEDFC24CAD990002DFBE5 /* zh-Hans */,
			);
			name = Localization.strings;
			sourceTree = "<group>";
		};
/* End PBXVariantGroup section */

/* Begin XCBuildConfiguration section */
		29F3F62F24C14B2900096556 /* Debug */ = {
			isa = XCBuildConfiguration;
			buildSettings = {
				ALWAYS_SEARCH_USER_PATHS = NO;
				CLANG_ANALYZER_LOCALIZABILITY_NONLOCALIZED = YES;
				CLANG_ANALYZER_NONNULL = YES;
				CLANG_ANALYZER_NUMBER_OBJECT_CONVERSION = YES_AGGRESSIVE;
				CLANG_CXX_LANGUAGE_STANDARD = "gnu++14";
				CLANG_CXX_LIBRARY = "libc++";
				CLANG_ENABLE_MODULES = YES;
				CLANG_ENABLE_OBJC_ARC = YES;
				CLANG_ENABLE_OBJC_WEAK = YES;
				CLANG_WARN_BLOCK_CAPTURE_AUTORELEASING = YES;
				CLANG_WARN_BOOL_CONVERSION = YES;
				CLANG_WARN_COMMA = YES;
				CLANG_WARN_CONSTANT_CONVERSION = YES;
				CLANG_WARN_DEPRECATED_OBJC_IMPLEMENTATIONS = YES;
				CLANG_WARN_DIRECT_OBJC_ISA_USAGE = YES_ERROR;
				CLANG_WARN_DOCUMENTATION_COMMENTS = YES;
				CLANG_WARN_EMPTY_BODY = YES;
				CLANG_WARN_ENUM_CONVERSION = YES;
				CLANG_WARN_INFINITE_RECURSION = YES;
				CLANG_WARN_INT_CONVERSION = YES;
				CLANG_WARN_NON_LITERAL_NULL_CONVERSION = YES;
				CLANG_WARN_OBJC_IMPLICIT_RETAIN_SELF = YES;
				CLANG_WARN_OBJC_LITERAL_CONVERSION = YES;
				CLANG_WARN_OBJC_ROOT_CLASS = YES_ERROR;
				CLANG_WARN_RANGE_LOOP_ANALYSIS = YES;
				CLANG_WARN_STRICT_PROTOTYPES = YES;
				CLANG_WARN_SUSPICIOUS_MOVE = YES;
				CLANG_WARN_UNGUARDED_AVAILABILITY = YES_AGGRESSIVE;
				CLANG_WARN_UNREACHABLE_CODE = YES;
				CLANG_WARN__DUPLICATE_METHOD_MATCH = YES;
				COPY_PHASE_STRIP = NO;
				DEBUG_INFORMATION_FORMAT = dwarf;
				ENABLE_STRICT_OBJC_MSGSEND = YES;
				ENABLE_TESTABILITY = YES;
				GCC_C_LANGUAGE_STANDARD = gnu11;
				GCC_DYNAMIC_NO_PIC = NO;
				GCC_NO_COMMON_BLOCKS = YES;
				GCC_OPTIMIZATION_LEVEL = 0;
				GCC_PREPROCESSOR_DEFINITIONS = (
					"DEBUG=1",
					"$(inherited)",
				);
				GCC_WARN_64_TO_32_BIT_CONVERSION = YES;
				GCC_WARN_ABOUT_RETURN_TYPE = YES_ERROR;
				GCC_WARN_UNDECLARED_SELECTOR = YES;
				GCC_WARN_UNINITIALIZED_AUTOS = YES_AGGRESSIVE;
				GCC_WARN_UNUSED_FUNCTION = YES;
				GCC_WARN_UNUSED_VARIABLE = YES;
				IPHONEOS_DEPLOYMENT_TARGET = 13.2;
				MTL_ENABLE_DEBUG_INFO = INCLUDE_SOURCE;
				MTL_FAST_MATH = YES;
				ONLY_ACTIVE_ARCH = YES;
				SDKROOT = iphoneos;
				SWIFT_ACTIVE_COMPILATION_CONDITIONS = DEBUG;
				SWIFT_OPTIMIZATION_LEVEL = "-Onone";
			};
			name = Debug;
		};
		29F3F63024C14B2900096556 /* Release */ = {
			isa = XCBuildConfiguration;
			buildSettings = {
				ALWAYS_SEARCH_USER_PATHS = NO;
				CLANG_ANALYZER_LOCALIZABILITY_NONLOCALIZED = YES;
				CLANG_ANALYZER_NONNULL = YES;
				CLANG_ANALYZER_NUMBER_OBJECT_CONVERSION = YES_AGGRESSIVE;
				CLANG_CXX_LANGUAGE_STANDARD = "gnu++14";
				CLANG_CXX_LIBRARY = "libc++";
				CLANG_ENABLE_MODULES = YES;
				CLANG_ENABLE_OBJC_ARC = YES;
				CLANG_ENABLE_OBJC_WEAK = YES;
				CLANG_WARN_BLOCK_CAPTURE_AUTORELEASING = YES;
				CLANG_WARN_BOOL_CONVERSION = YES;
				CLANG_WARN_COMMA = YES;
				CLANG_WARN_CONSTANT_CONVERSION = YES;
				CLANG_WARN_DEPRECATED_OBJC_IMPLEMENTATIONS = YES;
				CLANG_WARN_DIRECT_OBJC_ISA_USAGE = YES_ERROR;
				CLANG_WARN_DOCUMENTATION_COMMENTS = YES;
				CLANG_WARN_EMPTY_BODY = YES;
				CLANG_WARN_ENUM_CONVERSION = YES;
				CLANG_WARN_INFINITE_RECURSION = YES;
				CLANG_WARN_INT_CONVERSION = YES;
				CLANG_WARN_NON_LITERAL_NULL_CONVERSION = YES;
				CLANG_WARN_OBJC_IMPLICIT_RETAIN_SELF = YES;
				CLANG_WARN_OBJC_LITERAL_CONVERSION = YES;
				CLANG_WARN_OBJC_ROOT_CLASS = YES_ERROR;
				CLANG_WARN_RANGE_LOOP_ANALYSIS = YES;
				CLANG_WARN_STRICT_PROTOTYPES = YES;
				CLANG_WARN_SUSPICIOUS_MOVE = YES;
				CLANG_WARN_UNGUARDED_AVAILABILITY = YES_AGGRESSIVE;
				CLANG_WARN_UNREACHABLE_CODE = YES;
				CLANG_WARN__DUPLICATE_METHOD_MATCH = YES;
				COPY_PHASE_STRIP = NO;
				DEBUG_INFORMATION_FORMAT = "dwarf-with-dsym";
				ENABLE_NS_ASSERTIONS = NO;
				ENABLE_STRICT_OBJC_MSGSEND = YES;
				GCC_C_LANGUAGE_STANDARD = gnu11;
				GCC_NO_COMMON_BLOCKS = YES;
				GCC_WARN_64_TO_32_BIT_CONVERSION = YES;
				GCC_WARN_ABOUT_RETURN_TYPE = YES_ERROR;
				GCC_WARN_UNDECLARED_SELECTOR = YES;
				GCC_WARN_UNINITIALIZED_AUTOS = YES_AGGRESSIVE;
				GCC_WARN_UNUSED_FUNCTION = YES;
				GCC_WARN_UNUSED_VARIABLE = YES;
				IPHONEOS_DEPLOYMENT_TARGET = 13.2;
				MTL_ENABLE_DEBUG_INFO = NO;
				MTL_FAST_MATH = YES;
				SDKROOT = iphoneos;
				SWIFT_COMPILATION_MODE = wholemodule;
				SWIFT_OPTIMIZATION_LEVEL = "-O";
				VALIDATE_PRODUCT = YES;
			};
			name = Release;
		};
		29F3F63224C14B2900096556 /* Debug */ = {
			isa = XCBuildConfiguration;
			baseConfigurationReference = 45A39F56457CD723464CCD86 /* Pods-GEBlockChain.debug.xcconfig */;
			buildSettings = {
				ASSETCATALOG_COMPILER_APPICON_NAME = AppIcon;
				CLANG_ENABLE_MODULES = YES;
				CODE_SIGN_STYLE = Automatic;
				DEVELOPMENT_TEAM = U2NQJUPG3R;
				INFOPLIST_FILE = GEBlockChain/Info.plist;
				IPHONEOS_DEPLOYMENT_TARGET = 10.1;
				LD_RUNPATH_SEARCH_PATHS = (
					"$(inherited)",
					"@executable_path/Frameworks",
				);
				PRODUCT_BUNDLE_IDENTIFIER = net.darchain.mapview.MapView;
				PRODUCT_NAME = "$(TARGET_NAME)";
				SWIFT_OBJC_BRIDGING_HEADER = "$(SRCROOT)/GEBlockChain/Config/GEBlockChain-Bridging-Header.h";
				SWIFT_OPTIMIZATION_LEVEL = "-Onone";
				SWIFT_VERSION = 5.0;
				TARGETED_DEVICE_FAMILY = "1,2";
			};
			name = Debug;
		};
		29F3F63324C14B2900096556 /* Release */ = {
			isa = XCBuildConfiguration;
			baseConfigurationReference = 47BBA5EDC7B70D4A8FE1C6E3 /* Pods-GEBlockChain.release.xcconfig */;
			buildSettings = {
				ASSETCATALOG_COMPILER_APPICON_NAME = AppIcon;
				CLANG_ENABLE_MODULES = YES;
				CODE_SIGN_STYLE = Automatic;
				DEVELOPMENT_TEAM = U2NQJUPG3R;
				INFOPLIST_FILE = GEBlockChain/Info.plist;
				IPHONEOS_DEPLOYMENT_TARGET = 10.1;
				LD_RUNPATH_SEARCH_PATHS = (
					"$(inherited)",
					"@executable_path/Frameworks",
				);
				PRODUCT_BUNDLE_IDENTIFIER = net.darchain.mapview.MapView;
				PRODUCT_NAME = "$(TARGET_NAME)";
				SWIFT_OBJC_BRIDGING_HEADER = "$(SRCROOT)/GEBlockChain/Config/GEBlockChain-Bridging-Header.h";
				SWIFT_VERSION = 5.0;
				TARGETED_DEVICE_FAMILY = "1,2";
			};
			name = Release;
		};
		29F3F63524C14B2900096556 /* Debug */ = {
			isa = XCBuildConfiguration;
			baseConfigurationReference = 3E9D6C93DED276B5748E8799 /* Pods-GEBlockChainTests.debug.xcconfig */;
			buildSettings = {
				ALWAYS_EMBED_SWIFT_STANDARD_LIBRARIES = YES;
				BUNDLE_LOADER = "$(TEST_HOST)";
				CODE_SIGN_STYLE = Automatic;
				DEVELOPMENT_TEAM = 3JRZ4BFGFJ;
				INFOPLIST_FILE = GEBlockChainTests/Info.plist;
				IPHONEOS_DEPLOYMENT_TARGET = 13.2;
				LD_RUNPATH_SEARCH_PATHS = (
					"$(inherited)",
					"@executable_path/Frameworks",
					"@loader_path/Frameworks",
				);
				PRODUCT_BUNDLE_IDENTIFIER = com.blockfinancial..GEBlockChainTests;
				PRODUCT_NAME = "$(TARGET_NAME)";
				SWIFT_VERSION = 5.0;
				TARGETED_DEVICE_FAMILY = "1,2";
				TEST_HOST = "$(BUILT_PRODUCTS_DIR)/GEBlockChain.app/GEBlockChain";
			};
			name = Debug;
		};
		29F3F63624C14B2900096556 /* Release */ = {
			isa = XCBuildConfiguration;
			baseConfigurationReference = 92D39E90ABD0F8708FE4FEA9 /* Pods-GEBlockChainTests.release.xcconfig */;
			buildSettings = {
				ALWAYS_EMBED_SWIFT_STANDARD_LIBRARIES = YES;
				BUNDLE_LOADER = "$(TEST_HOST)";
				CODE_SIGN_STYLE = Automatic;
				DEVELOPMENT_TEAM = 3JRZ4BFGFJ;
				INFOPLIST_FILE = GEBlockChainTests/Info.plist;
				IPHONEOS_DEPLOYMENT_TARGET = 13.2;
				LD_RUNPATH_SEARCH_PATHS = (
					"$(inherited)",
					"@executable_path/Frameworks",
					"@loader_path/Frameworks",
				);
				PRODUCT_BUNDLE_IDENTIFIER = com.blockfinancial..GEBlockChainTests;
				PRODUCT_NAME = "$(TARGET_NAME)";
				SWIFT_VERSION = 5.0;
				TARGETED_DEVICE_FAMILY = "1,2";
				TEST_HOST = "$(BUILT_PRODUCTS_DIR)/GEBlockChain.app/GEBlockChain";
			};
			name = Release;
		};
/* End XCBuildConfiguration section */

/* Begin XCConfigurationList section */
		29F3F60D24C14B2400096556 /* Build configuration list for PBXProject "GEBlockChain" */ = {
			isa = XCConfigurationList;
			buildConfigurations = (
				29F3F62F24C14B2900096556 /* Debug */,
				29F3F63024C14B2900096556 /* Release */,
			);
			defaultConfigurationIsVisible = 0;
			defaultConfigurationName = Release;
		};
		29F3F63124C14B2900096556 /* Build configuration list for PBXNativeTarget "GEBlockChain" */ = {
			isa = XCConfigurationList;
			buildConfigurations = (
				29F3F63224C14B2900096556 /* Debug */,
				29F3F63324C14B2900096556 /* Release */,
			);
			defaultConfigurationIsVisible = 0;
			defaultConfigurationName = Release;
		};
		29F3F63424C14B2900096556 /* Build configuration list for PBXNativeTarget "GEBlockChainTests" */ = {
			isa = XCConfigurationList;
			buildConfigurations = (
				29F3F63524C14B2900096556 /* Debug */,
				29F3F63624C14B2900096556 /* Release */,
			);
			defaultConfigurationIsVisible = 0;
			defaultConfigurationName = Release;
		};
/* End XCConfigurationList section */
	};
	rootObject = 29F3F60A24C14B2400096556 /* Project object */;
}
